
Microsoft Visual Studio Solution File, Format Version 12.00
# Visual Studio Version 16
VisualStudioVersion = 16.0.31624.102
MinimumVisualStudioVersion = 10.0.40219.1
Project("{9A19103F-16F7-4668-BE54-9A1E7A4F7556}") = "API", "API\API.csproj", "{8A44DB44-27A7-4309-A5DB-83278B7DBFC6}"
EndProject
Project("{9A19103F-16F7-4668-BE54-9A1E7A4F7556}") = "TesteConsumirAPI", "TesteConsumirAPI\TesteConsumirAPI.csproj", "{016588BC-442C-4CC5-96DA-C55C022AF7CA}"
EndProject
Project("{FAE04EC0-301F-11D3-BF4B-00C04F79EFBC}") = "ConsumindoAPI", "ConsumindoAPI\ConsumindoAPI.csproj", "{629E8F59-0644-48C0-A915-96ABDA8DE641}"
EndProject
Global
	GlobalSection(SolutionConfigurationPlatforms) = preSolution
		Debug|Any CPU = Debug|Any CPU
		Release|Any CPU = Release|Any CPU
	EndGlobalSection
	GlobalSection(ProjectConfigurationPlatforms) = postSolution
		{8A44DB44-27A7-4309-A5DB-83278B7DBFC6}.Debug|Any CPU.ActiveCfg = Debug|Any CPU
		{8A44DB44-27A7-4309-A5DB-83278B7DBFC6}.Debug|Any CPU.Build.0 = Debug|Any CPU
		{8A44DB44-27A7-4309-A5DB-83278B7DBFC6}.Release|Any CPU.ActiveCfg = Release|Any CPU
		{8A44DB44-27A7-4309-A5DB-83278B7DBFC6}.Release|Any CPU.Build.0 = Release|Any CPU
		{016588BC-442C-4CC5-96DA-C55C022AF7CA}.Debug|Any CPU.ActiveCfg = Debug|Any CPU
		{016588BC-442C-4CC5-96DA-C55C022AF7CA}.Debug|Any CPU.Build.0 = Debug|Any CPU
		{016588BC-442C-4CC5-96DA-C55C022AF7CA}.Release|Any CPU.ActiveCfg = Release|Any CPU
		{016588BC-442C-4CC5-96DA-C55C022AF7CA}.Release|Any CPU.Build.0 = Release|Any CPU
		{629E8F59-0644-48C0-A915-96ABDA8DE641}.Debug|Any CPU.ActiveCfg = Debug|Any CPU
		{629E8F59-0644-48C0-A915-96ABDA8DE641}.Debug|Any CPU.Build.0 = Debug|Any CPU
		{629E8F59-0644-48C0-A915-96ABDA8DE641}.Release|Any CPU.ActiveCfg = Release|Any CPU
		{629E8F59-0644-48C0-A915-96ABDA8DE641}.Release|Any CPU.Build.0 = Release|Any CPU
	EndGlobalSection
	GlobalSection(SolutionProperties) = preSolution
		HideSolutionNode = FALSE
	EndGlobalSection
	GlobalSection(ExtensibilityGlobals) = postSolution
		SolutionGuid = {78CD78D8-A46D-424D-8822-17AC4CA679BB}
	EndGlobalSection
EndGlobal
